PODS:
  - SwiftProtobuf (1.22.1)
  - ZDMediaPickerSDK (1.0.5)
  - ZohoDeskPlatformDataBridge (0.0.2)
  - ZohoDeskPlatformUIKit (0.0.2):
    - SwiftProtobuf
    - ZohoDeskPlatformDataBridge
  - ZohoDeskPlatformUIKit/ZPMediaPicker (0.0.2):
    - SwiftProtobuf
    - ZDMediaPickerSDK
    - ZohoDeskPlatformDataBridge
  - ZohoDeskPortalAPIKit (3.0.0)
  - ZohoDeskPortalConfiguration (3.0.0):
    - ZohoDeskPlatformDataBridge
    - ZohoDeskPlatformUIKit
    - ZohoDeskPortalAPIKit
  - ZohoDeskPortalTicket (3.0.0):
    - ZohoDeskPlatformDataBridge
    - ZohoDeskPlatformUIKit
    - ZohoDeskPortalAPIKit
    - ZohoDeskPortalConfiguration
  - ZPComponents (1.0.0):
    - ZohoDeskPlatformDataBridge
    - ZohoDeskPlatformUIKit

DEPENDENCIES:
  - ZDMediaPickerSDK (from `https://git.csez.zohocorpin.com/ZohoDeskMobile/zdmediapicker.git`)
  - ZohoDeskPlatformDataBridge (from `https://zgit.csez.zohocorpin.com/ZohoDeskMobile/desk-platform-sdk-ios.git`, branch `lakshmi_binder_simplification`)
  - ZohoDeskPlatformUIKit/ZPMediaPicker (from `https://zgit.csez.zohocorpin.com/ZohoDeskMobile/desk-platform-sdk-ios.git`, branch `lakshmi_binder_simplification`)
  - ZohoDeskPortalAPIKit (from `https://zgit.csez.zohocorpin.com/ZohoDeskMobile/asap-ios-with-platform.git`, branch `multi_template_platform`)
  - ZohoDeskPortalConfiguration (from `https://zgit.csez.zohocorpin.com/ZohoDeskMobile/asap-ios-with-platform.git`, branch `multi_template_platform`)
  - ZohoDeskPortalTicket (from `https://zgit.csez.zohocorpin.com/ZohoDeskMobile/asap-ios-with-platform.git`, branch `multi_template_platform`)
  - ZPComponents (from `https://zgit.csez.zohocorpin.com/ZohoDeskMobile/zpcomponents.git`, branch `Zoholics_2023`)

SPEC REPOS:
  trunk:
    - SwiftProtobuf

EXTERNAL SOURCES:
  ZDMediaPickerSDK:
    :git: https://git.csez.zohocorpin.com/ZohoDeskMobile/zdmediapicker.git
  ZohoDeskPlatformDataBridge:
    :branch: lakshmi_binder_simplification
    :git: https://zgit.csez.zohocorpin.com/ZohoDeskMobile/desk-platform-sdk-ios.git
  ZohoDeskPlatformUIKit:
    :branch: lakshmi_binder_simplification
    :git: https://zgit.csez.zohocorpin.com/ZohoDeskMobile/desk-platform-sdk-ios.git
  ZohoDeskPortalAPIKit:
    :branch: multi_template_platform
    :git: https://zgit.csez.zohocorpin.com/ZohoDeskMobile/asap-ios-with-platform.git
  ZohoDeskPortalConfiguration:
    :branch: multi_template_platform
    :git: https://zgit.csez.zohocorpin.com/ZohoDeskMobile/asap-ios-with-platform.git
  ZohoDeskPortalTicket:
    :branch: multi_template_platform
    :git: https://zgit.csez.zohocorpin.com/ZohoDeskMobile/asap-ios-with-platform.git
  ZPComponents:
    :branch: Zoholics_2023
    :git: https://zgit.csez.zohocorpin.com/ZohoDeskMobile/zpcomponents.git

CHECKOUT OPTIONS:
  ZDMediaPickerSDK:
    :commit: 5a98aba9db1ee6336f6eda28b75c60205b2b9557
    :git: https://git.csez.zohocorpin.com/ZohoDeskMobile/zdmediapicker.git
  ZohoDeskPlatformDataBridge:
    :commit: 52f4fee26230c4603f5890daacb8e0f24f95963e
    :git: https://zgit.csez.zohocorpin.com/ZohoDeskMobile/desk-platform-sdk-ios.git
  ZohoDeskPlatformUIKit:
    :commit: 52f4fee26230c4603f5890daacb8e0f24f95963e
    :git: https://zgit.csez.zohocorpin.com/ZohoDeskMobile/desk-platform-sdk-ios.git
  ZohoDeskPortalAPIKit:
    :commit: 6dd4a89833fc94d4dc88512c6964485e55467e36
    :git: https://zgit.csez.zohocorpin.com/ZohoDeskMobile/asap-ios-with-platform.git
  ZohoDeskPortalConfiguration:
    :commit: 6dd4a89833fc94d4dc88512c6964485e55467e36
    :git: https://zgit.csez.zohocorpin.com/ZohoDeskMobile/asap-ios-with-platform.git
  ZohoDeskPortalTicket:
    :commit: 6dd4a89833fc94d4dc88512c6964485e55467e36
    :git: https://zgit.csez.zohocorpin.com/ZohoDeskMobile/asap-ios-with-platform.git
  ZPComponents:
    :commit: ebd89dbc0a2785485cb9dd672dc093ef2c4bedba
    :git: https://zgit.csez.zohocorpin.com/ZohoDeskMobile/zpcomponents.git

SPEC CHECKSUMS:
  SwiftProtobuf: 7773c4e96a99d7b8ab7cda0fc30a883732ff93b1
  ZDMediaPickerSDK: 775b61105fceba31ee12da43edf8f091ee624e51
  ZohoDeskPlatformDataBridge: 9315d53babc2cd1042425753599520e49047bbc1
  ZohoDeskPlatformUIKit: b7ebdb6d37ab5726d27bd22bcc1d5f47dcfbbb2c
  ZohoDeskPortalAPIKit: 1f63488a63a7731a056da4e790445135daf9b371
  ZohoDeskPortalConfiguration: a15961e1be67f9c1bf4dbcb3a6383d5287647183
  ZohoDeskPortalTicket: dca331c4422b6fb0b5be44ac437dd8c5a7586ec6
  ZPComponents: fe3903c1e217c695746a22ea4ee61ca31067eff5

PODFILE CHECKSUM: 11b43d7460406ebaba3e12dea9dff20e774a3d0c

COCOAPODS: 1.12.1
